{
  "name": "advanced-css-course",
  "version": "1.0.0",
  "lockfileVersion": 2,
  "requires": true,
  "packages": {
    "": {
      "name": "advanced-css-course",
      "version": "1.0.0",
      "license": "ISC",
      "devDependencies": {
        "saas": "^1.0.0"
      }
    },
    "node_modules/saas": {
      "version": "1.0.0",
      "resolved": "https://registry.npmjs.org/saas/-/saas-1.0.0.tgz",
      "integrity": "sha1-AJEnTyZmQwC7yl6Yk7xLuIcJ5nc=",
      "dev": true
    }
  },
  "dependencies": {
    "saas": {
      "version": "1.0.0",
      "resolved": "https://registry.npmjs.org/saas/-/saas-1.0.0.tgz",
      "integrity": "sha1-AJEnTyZmQwC7yl6Yk7xLuIcJ5nc=",
      "dev": true
    }
  }
}
